
Microsoft Visual Studio Solution File, Format Version 12.00
# Visual Studio Version 17
VisualStudioVersion = 17.5.33530.505
MinimumVisualStudioVersion = 10.0.40219.1
Project("{8BC9CEB8-8B4A-11D0-8D11-00A0C91BC942}") = "bloody_errors", "bloody_errors.vcxproj", "{990B4805-3A33-4FDC-A9DF-4D9E4C7CA686}"
EndProject
Global
	GlobalSection(SolutionConfigurationPlatforms) = preSolution
		Debug|x64 = Debug|x64
		Debug|x86 = Debug|x86
		Release|x64 = Release|x64
		Release|x86 = Release|x86
	EndGlobalSection
	GlobalSection(ProjectConfigurationPlatforms) = postSolution
		{990B4805-3A33-4FDC-A9DF-4D9E4C7CA686}.Debug|x64.ActiveCfg = Debug|x64
		{990B4805-3A33-4FDC-A9DF-4D9E4C7CA686}.Debug|x64.Build.0 = Debug|x64
		{990B4805-3A33-4FDC-A9DF-4D9E4C7CA686}.Debug|x86.ActiveCfg = Debug|Win32
		{990B4805-3A33-4FDC-A9DF-4D9E4C7CA686}.Debug|x86.Build.0 = Debug|Win32
		{990B4805-3A33-4FDC-A9DF-4D9E4C7CA686}.Release|x64.ActiveCfg = Release|x64
		{990B4805-3A33-4FDC-A9DF-4D9E4C7CA686}.Release|x64.Build.0 = Release|x64
		{990B4805-3A33-4FDC-A9DF-4D9E4C7CA686}.Release|x86.ActiveCfg = Release|Win32
		{990B4805-3A33-4FDC-A9DF-4D9E4C7CA686}.Release|x86.Build.0 = Release|Win32
	EndGlobalSection
	GlobalSection(SolutionProperties) = preSolution
		HideSolutionNode = FALSE
	EndGlobalSection
	GlobalSection(ExtensibilityGlobals) = postSolution
		SolutionGuid = {8EFE87E9-E562-454F-9061-FE86C9861456}
	EndGlobalSection
EndGlobal
